{
  "version": 4,
  "terraform_version": "1.3.6",
  "serial": 35,
  "lineage": "79e65ce8-6ab4-9ec9-637f-d005abc46724",
  "outputs": {
    "kubernetes_cluster_host": {
      "value": "34.69.105.93",
      "type": "string"
    },
    "kubernetes_cluster_name": {
      "value": "playground-s-11-349e7004-gke",
      "type": "string"
    },
    "project_id": {
      "value": "playground-s-11-349e7004",
      "type": "string"
    },
    "region": {
      "value": "us-central1",
      "type": "string"
    }
  },
  "resources": [
    {
      "mode": "managed",
      "type": "google_compute_network",
      "name": "vpc",
      "provider": "provider[\"registry.terraform.io/hashicorp/google\"]",
      "instances": [
        {
          "schema_version": 0,
          "attributes": {
            "auto_create_subnetworks": false,
            "delete_default_routes_on_create": false,
            "description": "",
            "enable_ula_internal_ipv6": false,
            "gateway_ipv4": "",
            "id": "projects/playground-s-11-349e7004/global/networks/playground-s-11-349e7004-vpc",
            "internal_ipv6_range": "",
            "mtu": 0,
            "name": "playground-s-11-349e7004-vpc",
            "project": "playground-s-11-349e7004",
            "routing_mode": "REGIONAL",
            "self_link": "https://www.googleapis.com/compute/v1/projects/playground-s-11-349e7004/global/networks/playground-s-11-349e7004-vpc",
            "timeouts": null
          },
          "sensitive_attributes": [],
          "private": "eyJlMmJmYjczMC1lY2FhLTExZTYtOGY4OC0zNDM2M2JjN2M0YzAiOnsiY3JlYXRlIjoxMjAwMDAwMDAwMDAwLCJkZWxldGUiOjEyMDAwMDAwMDAwMDAsInVwZGF0ZSI6MTIwMDAwMDAwMDAwMH19"
        }
      ]
    },
    {
      "mode": "managed",
      "type": "google_compute_subnetwork",
      "name": "subnet",
      "provider": "provider[\"registry.terraform.io/hashicorp/google\"]",
      "instances": [
        {
          "schema_version": 0,
          "attributes": {
            "creation_timestamp": "2022-12-14T14:42:20.716-08:00",
            "description": "",
            "external_ipv6_prefix": "",
            "fingerprint": null,
            "gateway_address": "10.10.0.1",
            "id": "projects/playground-s-11-349e7004/regions/us-central1/subnetworks/playground-s-11-349e7004-subnet",
            "ip_cidr_range": "10.10.0.0/24",
            "ipv6_access_type": "",
            "ipv6_cidr_range": "",
            "log_config": [],
            "name": "playground-s-11-349e7004-subnet",
            "network": "https://www.googleapis.com/compute/v1/projects/playground-s-11-349e7004/global/networks/playground-s-11-349e7004-vpc",
            "private_ip_google_access": false,
            "private_ipv6_google_access": "DISABLE_GOOGLE_ACCESS",
            "project": "playground-s-11-349e7004",
            "purpose": "PRIVATE",
            "region": "us-central1",
            "role": "",
            "secondary_ip_range": [],
            "self_link": "https://www.googleapis.com/compute/v1/projects/playground-s-11-349e7004/regions/us-central1/subnetworks/playground-s-11-349e7004-subnet",
            "stack_type": "IPV4_ONLY",
            "timeouts": null
          },
          "sensitive_attributes": [],
          "private": "eyJlMmJmYjczMC1lY2FhLTExZTYtOGY4OC0zNDM2M2JjN2M0YzAiOnsiY3JlYXRlIjoxMjAwMDAwMDAwMDAwLCJkZWxldGUiOjEyMDAwMDAwMDAwMDAsInVwZGF0ZSI6MTIwMDAwMDAwMDAwMH19",
          "dependencies": [
            "google_compute_network.vpc"
          ]
        }
      ]
    },
    {
      "mode": "managed",
      "type": "google_container_cluster",
      "name": "primary",
      "provider": "provider[\"registry.terraform.io/hashicorp/google\"]",
      "instances": [
        {
          "schema_version": 1,
          "attributes": {
            "addons_config": [
              {
                "cloudrun_config": [],
                "dns_cache_config": [],
                "gce_persistent_disk_csi_driver_config": [
                  {
                    "enabled": true
                  }
                ],
                "gcp_filestore_csi_driver_config": [],
                "horizontal_pod_autoscaling": [
                  {
                    "disabled": false
                  }
                ],
                "http_load_balancing": [
                  {
                    "disabled": true
                  }
                ],
                "network_policy_config": [
                  {
                    "disabled": true
                  }
                ]
              }
            ],
            "authenticator_groups_config": [],
            "binary_authorization": [
              {
                "enabled": false,
                "evaluation_mode": ""
              }
            ],
            "cluster_autoscaling": [
              {
                "auto_provisioning_defaults": [],
                "enabled": false,
                "resource_limits": []
              }
            ],
            "cluster_ipv4_cidr": "10.88.0.0/14",
            "confidential_nodes": [],
            "cost_management_config": [],
            "database_encryption": [
              {
                "key_name": "",
                "state": "DECRYPTED"
              }
            ],
            "datapath_provider": "",
            "default_max_pods_per_node": null,
            "default_snat_status": [
              {
                "disabled": false
              }
            ],
            "description": "",
            "dns_config": [],
            "enable_autopilot": false,
            "enable_binary_authorization": false,
            "enable_intranode_visibility": false,
            "enable_kubernetes_alpha": false,
            "enable_l4_ilb_subsetting": false,
            "enable_legacy_abac": false,
            "enable_shielded_nodes": true,
            "enable_tpu": false,
            "endpoint": "34.69.105.93",
            "id": "projects/playground-s-11-349e7004/locations/us-central1/clusters/playground-s-11-349e7004-gke",
            "initial_node_count": 1,
            "ip_allocation_policy": [],
            "label_fingerprint": "a9dc16a7",
            "location": "us-central1",
            "logging_config": [
              {
                "enable_components": [
                  "SYSTEM_COMPONENTS",
                  "WORKLOADS"
                ]
              }
            ],
            "logging_service": "logging.googleapis.com/kubernetes",
            "maintenance_policy": [],
            "master_auth": [
              {
                "client_certificate": "",
                "client_certificate_config": [
                  {
                    "issue_client_certificate": false
                  }
                ],
                "client_key": "",
                "cluster_ca_certificate": "LS0tLS1CRUdJTiBDRVJUSUZJQ0FURS0tLS0tCk1JSUVMRENDQXBTZ0F3SUJBZ0lRRG1TUGVTTE93NURZYk5BWlBEWWJHekFOQmdrcWhraUc5dzBCQVFzRkFEQXYKTVMwd0t3WURWUVFERXlRNE5USmlZemRtWWkxa05tUTJMVFJpWlRJdFlqVXlZaTAwWlROa1pUSTBOMlV5TVRjdwpJQmNOTWpJeE1qRTBNakUwTWpNeldoZ1BNakExTWpFeU1EWXlNalF5TXpOYU1DOHhMVEFyQmdOVkJBTVRKRGcxCk1tSmpOMlppTFdRMlpEWXROR0psTWkxaU5USmlMVFJsTTJSbE1qUTNaVEl4TnpDQ0FhSXdEUVlKS29aSWh2Y04KQVFFQkJRQURnZ0dQQURDQ0FZb0NnZ0dCQUpzUGxLRmxTTDZnZmtTSm9RRXZ6RFFOV3RkUXVFQ2l4Z2JJb2JMbApPODgxWW1uMWFvK2ZqQ3pCeFZEL3FHeVN3QXc4ZlZYRzh6NDJmTXZRTmdvN05ORkY0QXMzT3Q1R0dKR2F4UllTCmEra09ZRVkwdFdOek9ZaStWVGpmK3RSUFVSQkpnZ01PdHFHNTA3UVhVZkhud3MzdCszY1RvRlNMbEFZWEdPM04KOFZKaE4xSFZoR3FDd2FuZWFvTkJ6OVZMcUtmdVFpYUoxbXVnZUgxMFpQa0hWa0FTeUFmRkVvODVFZ04xSWMrOQpkMis5WkYvY0ttNU41TWxLelJnY2YxcmhwMlh2aHQzTVVPY1M2VzI0bWdyZnlKU3hUYlRMSTViTjkzRVBRL0lGCi9KRnkrclBlek40N1hVYm45NXowa3FuK0I3bU1xczdYaWJ1V0R3dExSMHFTT3A2bk90cldHSU56dWhoYjVPRUsKYW8zRUhpTy84VHZ2SkNPYW1pYk5QbmI4T3YrQlBxcTg0eGRoUEZFTEJPMFJwbjl4SnZRY25UWEJFNXcvSWlZbwpXRW5GYXJEQklWOUFibWFjd1k1TmFEWDRQRFRLL0h2ZS94dVJEMVNGQ2U5aVc0b3U2L2RkcXVXNVpralhZRVJsCkxNNTV1SEJNMzRBVHY4bnFJRGdFVEJqSVpRSURBUUFCbzBJd1FEQU9CZ05WSFE4QkFmOEVCQU1DQWdRd0R3WUQKVlIwVEFRSC9CQVV3QXdFQi96QWRCZ05WSFE0RUZnUVUybkNwa1ZwRUdQSzZWVm4zUmtKV1hYYld2elF3RFFZSgpLb1pJaHZjTkFRRUxCUUFEZ2dHQkFKVURSdVFOOHZLVE5sYjBYRXdGRHBMN2F4MUs5Qk1aWUhLVy9yMGhXTFFCCndPTVA2ZjN6aDYzam9zRVVmc3pTZmxUbXcrV3pjSE93d1pvL2NrNFhTbzBYZGZ0SXdudmVBdkl2NXRDY1RPNjUKVlVaUmNnOUlYNXh5L2daR1Q5SFJqVndSWTRkT1IxVmJZOUNtdGNXUXZidm9VRVV4UURSSVFjSGdPYzBudXc0SQpJYkpnbG4rUnFDYlhFaHJRdVEvQjRHcEhWZElmckFKUkRVTWcvcmtpa1pFNmprNmRYS0NkK2dwUmJBRFVIUmxwCmNPemE2ZTdwSkU4OEdremY3ZkYrcm5lNlZnZEo2UW5Yczd1NWttNVFFdTJnSkdKWHhUbk1Ydi94c2ZiaDhDVkQKZ1oxRk91ZXNsTGR6S2Qxd0JxT2YyTkVFREZiS3hFOUQxQ3g2QkJXU1hNYjlHelRNbzQrdnIxRDVzcldtTnp1dwp2VnZITjBjZVQyMkNieWI2ZHFyMmZWVHZVdUtMd3RPSS9ITHFNQk1zL0s4OGxpdnN0Y1JnYVVORGVBYUR3OGo0CnhHUzZXT0ltK0FWOVlWL1dsbURBK0EwZnp3Q0dDRzZmaVk4TCt4WjhmMTFVOEJEOURiRHQvL05nT0svMTdaRTQKNHZkMzFIUUZWMURDWFJhTUxwUTFrZz09Ci0tLS0tRU5EIENFUlRJRklDQVRFLS0tLS0K"
              }
            ],
            "master_authorized_networks_config": [],
            "master_version": "1.24.5-gke.600",
            "mesh_certificates": [],
            "min_master_version": null,
            "monitoring_config": [
              {
                "enable_components": [
                  "SYSTEM_COMPONENTS"
                ],
                "managed_prometheus": []
              }
            ],
            "monitoring_service": "monitoring.googleapis.com/kubernetes",
            "name": "playground-s-11-349e7004-gke",
            "network": "projects/playground-s-11-349e7004/global/networks/playground-s-11-349e7004-vpc",
            "network_policy": [
              {
                "enabled": false,
                "provider": "PROVIDER_UNSPECIFIED"
              }
            ],
            "networking_mode": "ROUTES",
            "node_config": [],
            "node_locations": [
              "us-central1-a",
              "us-central1-b",
              "us-central1-c"
            ],
            "node_pool": [],
            "node_pool_defaults": [
              {
                "node_config_defaults": [
                  {
                    "logging_variant": "DEFAULT"
                  }
                ]
              }
            ],
            "node_version": "1.24.5-gke.600",
            "notification_config": [
              {
                "pubsub": [
                  {
                    "enabled": false,
                    "filter": [],
                    "topic": ""
                  }
                ]
              }
            ],
            "operation": null,
            "private_cluster_config": [
              {
                "enable_private_endpoint": false,
                "enable_private_nodes": false,
                "master_global_access_config": [
                  {
                    "enabled": false
                  }
                ],
                "master_ipv4_cidr_block": "",
                "peering_name": "",
                "private_endpoint": "10.10.0.2",
                "private_endpoint_subnetwork": "",
                "public_endpoint": "34.69.105.93"
              }
            ],
            "private_ipv6_google_access": "",
            "project": "playground-s-11-349e7004",
            "release_channel": [
              {
                "channel": "REGULAR"
              }
            ],
            "remove_default_node_pool": true,
            "resource_labels": null,
            "resource_usage_export_config": [],
            "self_link": "https://container.googleapis.com/v1/projects/playground-s-11-349e7004/locations/us-central1/clusters/playground-s-11-349e7004-gke",
            "service_external_ips_config": [
              {
                "enabled": false
              }
            ],
            "services_ipv4_cidr": "10.91.240.0/20",
            "subnetwork": "projects/playground-s-11-349e7004/regions/us-central1/subnetworks/playground-s-11-349e7004-subnet",
            "timeouts": null,
            "tpu_ipv4_cidr_block": "",
            "vertical_pod_autoscaling": [],
            "workload_identity_config": []
          },
          "sensitive_attributes": [],
          "private": "eyJlMmJmYjczMC1lY2FhLTExZTYtOGY4OC0zNDM2M2JjN2M0YzAiOnsiY3JlYXRlIjoyNDAwMDAwMDAwMDAwLCJkZWxldGUiOjI0MDAwMDAwMDAwMDAsInJlYWQiOjI0MDAwMDAwMDAwMDAsInVwZGF0ZSI6MzYwMDAwMDAwMDAwMH0sInNjaGVtYV92ZXJzaW9uIjoiMSJ9",
          "dependencies": [
            "google_compute_network.vpc",
            "google_compute_subnetwork.subnet"
          ]
        }
      ]
    },
    {
      "mode": "managed",
      "type": "google_container_node_pool",
      "name": "primary_nodes",
      "provider": "provider[\"registry.terraform.io/hashicorp/google\"]",
      "instances": [
        {
          "schema_version": 1,
          "attributes": {
            "autoscaling": [
              {
                "location_policy": "ANY",
                "max_node_count": 10,
                "min_node_count": 0,
                "total_max_node_count": 0,
                "total_min_node_count": 0
              }
            ],
            "cluster": "playground-s-11-349e7004-gke",
            "id": "projects/playground-s-11-349e7004/locations/us-central1/clusters/playground-s-11-349e7004-gke/nodePools/playground-s-11-349e7004-gke",
            "initial_node_count": 1,
            "instance_group_urls": [
              "https://www.googleapis.com/compute/v1/projects/playground-s-11-349e7004/zones/us-central1-b/instanceGroupManagers/gke-playground-s-11--playground-s-11--d80dd960-grp",
              "https://www.googleapis.com/compute/v1/projects/playground-s-11-349e7004/zones/us-central1-a/instanceGroupManagers/gke-playground-s-11--playground-s-11--65338883-grp",
              "https://www.googleapis.com/compute/v1/projects/playground-s-11-349e7004/zones/us-central1-c/instanceGroupManagers/gke-playground-s-11--playground-s-11--5c677f17-grp"
            ],
            "location": "us-central1",
            "managed_instance_group_urls": [
              "https://www.googleapis.com/compute/v1/projects/playground-s-11-349e7004/zones/us-central1-b/instanceGroups/gke-playground-s-11--playground-s-11--d80dd960-grp",
              "https://www.googleapis.com/compute/v1/projects/playground-s-11-349e7004/zones/us-central1-a/instanceGroups/gke-playground-s-11--playground-s-11--65338883-grp",
              "https://www.googleapis.com/compute/v1/projects/playground-s-11-349e7004/zones/us-central1-c/instanceGroups/gke-playground-s-11--playground-s-11--5c677f17-grp"
            ],
            "management": [
              {
                "auto_repair": true,
                "auto_upgrade": true
              }
            ],
            "max_pods_per_node": null,
            "name": "playground-s-11-349e7004-gke",
            "name_prefix": "",
            "network_config": [
              {
                "create_pod_range": false,
                "enable_private_nodes": false,
                "pod_ipv4_cidr_block": "",
                "pod_range": ""
              }
            ],
            "node_config": [
              {
                "boot_disk_kms_key": "",
                "disk_size_gb": 100,
                "disk_type": "pd-balanced",
                "gcfs_config": [],
                "guest_accelerator": [],
                "gvnic": [],
                "image_type": "COS_CONTAINERD",
                "labels": {
                  "env": "playground-s-11-349e7004"
                },
                "local_ssd_count": 0,
                "logging_variant": "DEFAULT",
                "machine_type": "e2-medium",
                "metadata": {
                  "disable-legacy-endpoints": "true"
                },
                "min_cpu_platform": "",
                "node_group": "",
                "oauth_scopes": [
                  "https://www.googleapis.com/auth/devstorage.read_only",
                  "https://www.googleapis.com/auth/logging.write",
                  "https://www.googleapis.com/auth/monitoring",
                  "https://www.googleapis.com/auth/service.management.readonly",
                  "https://www.googleapis.com/auth/servicecontrol",
                  "https://www.googleapis.com/auth/trace.append"
                ],
                "preemptible": true,
                "reservation_affinity": [],
                "resource_labels": null,
                "service_account": "default",
                "shielded_instance_config": [
                  {
                    "enable_integrity_monitoring": true,
                    "enable_secure_boot": false
                  }
                ],
                "spot": false,
                "tags": [
                  "gke-node",
                  "playground-s-11-349e7004-gke"
                ],
                "taint": [],
                "workload_metadata_config": []
              }
            ],
            "node_count": 1,
            "node_locations": [
              "us-central1-a",
              "us-central1-b",
              "us-central1-c"
            ],
            "operation": null,
            "project": "playground-s-11-349e7004",
            "timeouts": null,
            "upgrade_settings": [
              {
                "blue_green_settings": [],
                "max_surge": 1,
                "max_unavailable": 0,
                "strategy": "SURGE"
              }
            ],
            "version": "1.24.5-gke.600"
          },
          "sensitive_attributes": [],
          "private": "eyJlMmJmYjczMC1lY2FhLTExZTYtOGY4OC0zNDM2M2JjN2M0YzAiOnsiY3JlYXRlIjoxODAwMDAwMDAwMDAwLCJkZWxldGUiOjE4MDAwMDAwMDAwMDAsInVwZGF0ZSI6MTgwMDAwMDAwMDAwMH0sInNjaGVtYV92ZXJzaW9uIjoiMSJ9",
          "dependencies": [
            "google_compute_network.vpc",
            "google_compute_subnetwork.subnet",
            "google_container_cluster.primary"
          ]
        }
      ]
    }
  ],
  "check_results": null
}
